
Microsoft Visual Studio Solution File, Format Version 12.00
# Visual Studio Version 17
VisualStudioVersion = 17.5.002.0
MinimumVisualStudioVersion = 10.0.40219.1
Project("{9A19103F-16F7-4668-BE54-9A1E7A4F7556}") = "backend", "backend\backend.csproj", "{DAF64D68-28DA-41B7-B4E2-72ED17144BE8}"
EndProject
Global
	GlobalSection(SolutionConfigurationPlatforms) = preSolution
		Debug|Any CPU = Debug|Any CPU
		Release|Any CPU = Release|Any CPU
	EndGlobalSection
	GlobalSection(ProjectConfigurationPlatforms) = postSolution
		{DAF64D68-28DA-41B7-B4E2-72ED17144BE8}.Debug|Any CPU.ActiveCfg = Debug|Any CPU
		{DAF64D68-28DA-41B7-B4E2-72ED17144BE8}.Debug|Any CPU.Build.0 = Debug|Any CPU
		{DAF64D68-28DA-41B7-B4E2-72ED17144BE8}.Release|Any CPU.ActiveCfg = Release|Any CPU
		{DAF64D68-28DA-41B7-B4E2-72ED17144BE8}.Release|Any CPU.Build.0 = Release|Any CPU
	EndGlobalSection
	GlobalSection(SolutionProperties) = preSolution
		HideSolutionNode = FALSE
	EndGlobalSection
	GlobalSection(ExtensibilityGlobals) = postSolution
		SolutionGuid = {9AB1F97F-3A0C-4D0C-815C-2BE071BED287}
	EndGlobalSection
EndGlobal
